
Microsoft Visual Studio Solution File, Format Version 12.00
# Visual Studio Version 17
VisualStudioVersion = 17.4.33110.190
MinimumVisualStudioVersion = 10.0.40219.1
Project("{FAE04EC0-301F-11D3-BF4B-00C04F79EFBC}") = "Kalkulatorek", "Kalkulatorek.csproj", "{9639BD2F-F4AF-4858-8DD8-D1F58AE8B156}"
EndProject
Global
	GlobalSection(SolutionConfigurationPlatforms) = preSolution
		Debug|Any CPU = Debug|Any CPU
		Release|Any CPU = Release|Any CPU
	EndGlobalSection
	GlobalSection(ProjectConfigurationPlatforms) = postSolution
		{9639BD2F-F4AF-4858-8DD8-D1F58AE8B156}.Debug|Any CPU.ActiveCfg = Debug|Any CPU
		{9639BD2F-F4AF-4858-8DD8-D1F58AE8B156}.Debug|Any CPU.Build.0 = Debug|Any CPU
		{9639BD2F-F4AF-4858-8DD8-D1F58AE8B156}.Release|Any CPU.ActiveCfg = Release|Any CPU
		{9639BD2F-F4AF-4858-8DD8-D1F58AE8B156}.Release|Any CPU.Build.0 = Release|Any CPU
	EndGlobalSection
	GlobalSection(SolutionProperties) = preSolution
		HideSolutionNode = FALSE
	EndGlobalSection
	GlobalSection(ExtensibilityGlobals) = postSolution
		SolutionGuid = {142DEF47-7EA1-4D22-AF49-6504CF3A532A}
	EndGlobalSection
EndGlobal
